Microsoft Visual Studio Solution File, Format Version 12.00
# Visual Studio 15
VisualStudioVersion = 15.0.26430.14
MinimumVisualStudioVersion = 10.0.40219.1
Project("{9A19103F-16F7-4668-BE54-9A1E7A4F7556}") = "SeqFlatFileImport", "SeqFlatFileImport\SeqFlatFileImport.csproj", "{15158A18-F180-4479-B23E-757B4338EE6A}"
EndProject
Project("{9A19103F-16F7-4668-BE54-9A1E7A4F7556}") = "SeqFlatFileImport.Core", "SeqFlatFileImport.Core\SeqFlatFileImport.Core.csproj", "{86DEC7E9-4AC0-4166-B251-5E667C939E6E}"
EndProject
Project("{9A19103F-16F7-4668-BE54-9A1E7A4F7556}") = "Tests", "Tests\Tests.csproj", "{9BC81AEF-B4EC-4B39-A96B-71E7075CB62A}"
EndProject
Project("{9A19103F-16F7-4668-BE54-9A1E7A4F7556}") = "_build", "..\build\_build.csproj", "{F5E1DE65-81E1-4B80-9EA2-42ED84877D7D}"
EndProject
Global
	GlobalSection(SolutionConfigurationPlatforms) = preSolution
		Debug|Any CPU = Debug|Any CPU
		Release|Any CPU = Release|Any CPU
	EndGlobalSection
	GlobalSection(ProjectConfigurationPlatforms) = postSolution
		{F5E1DE65-81E1-4B80-9EA2-42ED84877D7D}.Debug|Any CPU.ActiveCfg = Debug|Any CPU
		{F5E1DE65-81E1-4B80-9EA2-42ED84877D7D}.Release|Any CPU.ActiveCfg = Release|Any CPU
		{15158A18-F180-4479-B23E-757B4338EE6A}.Debug|Any CPU.ActiveCfg = Debug|Any CPU
		{15158A18-F180-4479-B23E-757B4338EE6A}.Debug|Any CPU.Build.0 = Debug|Any CPU
		{15158A18-F180-4479-B23E-757B4338EE6A}.Release|Any CPU.ActiveCfg = Release|Any CPU
		{15158A18-F180-4479-B23E-757B4338EE6A}.Release|Any CPU.Build.0 = Release|Any CPU
		{86DEC7E9-4AC0-4166-B251-5E667C939E6E}.Debug|Any CPU.ActiveCfg = Debug|Any CPU
		{86DEC7E9-4AC0-4166-B251-5E667C939E6E}.Debug|Any CPU.Build.0 = Debug|Any CPU
		{86DEC7E9-4AC0-4166-B251-5E667C939E6E}.Release|Any CPU.ActiveCfg = Release|Any CPU
		{86DEC7E9-4AC0-4166-B251-5E667C939E6E}.Release|Any CPU.Build.0 = Release|Any CPU
		{9BC81AEF-B4EC-4B39-A96B-71E7075CB62A}.Debug|Any CPU.ActiveCfg = Debug|Any CPU
		{9BC81AEF-B4EC-4B39-A96B-71E7075CB62A}.Debug|Any CPU.Build.0 = Debug|Any CPU
		{9BC81AEF-B4EC-4B39-A96B-71E7075CB62A}.Release|Any CPU.ActiveCfg = Release|Any CPU
		{9BC81AEF-B4EC-4B39-A96B-71E7075CB62A}.Release|Any CPU.Build.0 = Release|Any CPU
	EndGlobalSection
	GlobalSection(SolutionProperties) = preSolution
		HideSolutionNode = FALSE
	EndGlobalSection
EndGlobal
